// !$*UTF8*$!
{
	archiveVersion = 1;
	classes = {
	};
	objectVersion = 56;
	objects = {

/* Begin PBXBuildFile section */
		C63859552C447EA9003DB037 /* BetterFrontApp.swift in Sources */ = {isa = PBXBuildFile; fileRef = C63859542C447EA9003DB037 /* BetterFrontApp.swift */; };
		C63859592C447EAA003DB037 /* Assets.xcassets in Resources */ = {isa = PBXBuildFile; fileRef = C63859582C447EAA003DB037 /* Assets.xcassets */; };
		C638595D2C447EAA003DB037 /* Preview Assets.xcassets in Resources */ = {isa = PBXBuildFile; fileRef = C638595C2C447EAA003DB037 /* Preview Assets.xcassets */; };
		C63859682C447F42003DB037 /* TextFieldWithLabel.swift in Sources */ = {isa = PBXBuildFile; fileRef = C63859672C447F42003DB037 /* TextFieldWithLabel.swift */; };
		C638596A2C447F6B003DB037 /* LoginScreen.swift in Sources */ = {isa = PBXBuildFile; fileRef = C63859692C447F6B003DB037 /* LoginScreen.swift */; };
		C638596C2C4480BF003DB037 /* NewAccountScreen.swift in Sources */ = {isa = PBXBuildFile; fileRef = C638596B2C4480BF003DB037 /* NewAccountScreen.swift */; };
		C66ABCC22C5AD7C80036B391 /* AuthAPI.swift in Sources */ = {isa = PBXBuildFile; fileRef = C66ABCC12C5AD7C80036B391 /* AuthAPI.swift */; };
		C66ABCC42C5ADA910036B391 /* AuthenticationService.swift in Sources */ = {isa = PBXBuildFile; fileRef = C66ABCC32C5ADA910036B391 /* AuthenticationService.swift */; };
		C66ABCC62C5BE4450036B391 /* KeychainService.swift in Sources */ = {isa = PBXBuildFile; fileRef = C66ABCC52C5BE4450036B391 /* KeychainService.swift */; };
		C66ABCC82C5BEA8A0036B391 /* IdentityService.swift in Sources */ = {isa = PBXBuildFile; fileRef = C66ABCC72C5BEA8A0036B391 /* IdentityService.swift */; };
		C66ABCCA2C5C261D0036B391 /* UserCreationService.swift in Sources */ = {isa = PBXBuildFile; fileRef = C66ABCC92C5C261D0036B391 /* UserCreationService.swift */; };
		C66ABCCC2C5D409C0036B391 /* ForgotPassEmailScreen.swift in Sources */ = {isa = PBXBuildFile; fileRef = C66ABCCB2C5D409C0036B391 /* ForgotPassEmailScreen.swift */; };
		C66ABCD02C5D42860036B391 /* PasswordRecoveryService.swift in Sources */ = {isa = PBXBuildFile; fileRef = C66ABCCF2C5D42860036B391 /* PasswordRecoveryService.swift */; };
		C66ABCD62C62726A0036B391 /* HomeScreen.swift in Sources */ = {isa = PBXBuildFile; fileRef = C66ABCD52C62726A0036B391 /* HomeScreen.swift */; };
/* End PBXBuildFile section */

/* Begin PBXFileReference section */
		C63859512C447EA9003DB037 /* BetterFront.app */ = {isa = PBXFileReference; explicitFileType = wrapper.application; includeInIndex = 0; path = BetterFront.app; sourceTree = BUILT_PRODUCTS_DIR; };
		C63859542C447EA9003DB037 /* BetterFrontApp.swift */ = {isa = PBXFileReference; lastKnownFileType = sourcecode.swift; path = BetterFrontApp.swift; sourceTree = "<group>"; };
		C63859582C447EAA003DB037 /* Assets.xcassets */ = {isa = PBXFileReference; lastKnownFileType = folder.assetcatalog; path = Assets.xcassets; sourceTree = "<group>"; };
		C638595A2C447EAA003DB037 /* BetterFront.entitlements */ = {isa = PBXFileReference; lastKnownFileType = text.plist.entitlements; path = BetterFront.entitlements; sourceTree = "<group>"; };
		C638595C2C447EAA003DB037 /* Preview Assets.xcassets */ = {isa = PBXFileReference; lastKnownFileType = folder.assetcatalog; path = "Preview Assets.xcassets"; sourceTree = "<group>"; };
		C63859672C447F42003DB037 /* TextFieldWithLabel.swift */ = {isa = PBXFileReference; lastKnownFileType = sourcecode.swift; path = TextFieldWithLabel.swift; sourceTree = "<group>"; };
		C63859692C447F6B003DB037 /* LoginScreen.swift */ = {isa = PBXFileReference; lastKnownFileType = sourcecode.swift; path = LoginScreen.swift; sourceTree = "<group>"; };
		C638596B2C4480BF003DB037 /* NewAccountScreen.swift */ = {isa = PBXFileReference; lastKnownFileType = sourcecode.swift; path = NewAccountScreen.swift; sourceTree = "<group>"; };
		C66ABCC12C5AD7C80036B391 /* AuthAPI.swift */ = {isa = PBXFileReference; lastKnownFileType = sourcecode.swift; path = AuthAPI.swift; sourceTree = "<group>"; };
		C66ABCC32C5ADA910036B391 /* AuthenticationService.swift */ = {isa = PBXFileReference; lastKnownFileType = sourcecode.swift; path = AuthenticationService.swift; sourceTree = "<group>"; };
		C66ABCC52C5BE4450036B391 /* KeychainService.swift */ = {isa = PBXFileReference; lastKnownFileType = sourcecode.swift; path = KeychainService.swift; sourceTree = "<group>"; };
		C66ABCC72C5BEA8A0036B391 /* IdentityService.swift */ = {isa = PBXFileReference; lastKnownFileType = sourcecode.swift; path = IdentityService.swift; sourceTree = "<group>"; };
		C66ABCC92C5C261D0036B391 /* UserCreationService.swift */ = {isa = PBXFileReference; lastKnownFileType = sourcecode.swift; path = UserCreationService.swift; sourceTree = "<group>"; };
		C66ABCCB2C5D409C0036B391 /* ForgotPassEmailScreen.swift */ = {isa = PBXFileReference; lastKnownFileType = sourcecode.swift; path = ForgotPassEmailScreen.swift; sourceTree = "<group>"; };
		C66ABCCF2C5D42860036B391 /* PasswordRecoveryService.swift */ = {isa = PBXFileReference; lastKnownFileType = sourcecode.swift; path = PasswordRecoveryService.swift; sourceTree = "<group>"; };
		C66ABCD52C62726A0036B391 /* HomeScreen.swift */ = {isa = PBXFileReference; lastKnownFileType = sourcecode.swift; path = HomeScreen.swift; sourceTree = "<group>"; };
/* End PBXFileReference section */

/* Begin PBXFrameworksBuildPhase section */
		C638594E2C447EA9003DB037 /* Frameworks */ = {
			isa = PBXFrameworksBuildPhase;
			buildActionMask = 2147483647;
			files = (
			);
			runOnlyForDeploymentPostprocessing = 0;
		};
/* End PBXFrameworksBuildPhase section */

/* Begin PBXGroup section */
		C63859482C447EA9003DB037 = {
			isa = PBXGroup;
			children = (
				C63859532C447EA9003DB037 /* BetterFront */,
				C63859522C447EA9003DB037 /* Products */,
			);
			sourceTree = "<group>";
		};
		C63859522C447EA9003DB037 /* Products */ = {
			isa = PBXGroup;
			children = (
				C63859512C447EA9003DB037 /* BetterFront.app */,
			);
			name = Products;
			sourceTree = "<group>";
		};
		C63859532C447EA9003DB037 /* BetterFront */ = {
			isa = PBXGroup;
			children = (
				C66ABCD32C6272210036B391 /* API */,
				C66ABCD22C62717F0036B391 /* LocalServices */,
				C66ABCCE2C5D41A40036B391 /* Views */,
				C63859642C447EDB003DB037 /* Widgets */,
				C63859542C447EA9003DB037 /* BetterFrontApp.swift */,
				C63859582C447EAA003DB037 /* Assets.xcassets */,
				C638595A2C447EAA003DB037 /* BetterFront.entitlements */,
				C638595B2C447EAA003DB037 /* Preview Content */,
			);
			path = BetterFront;
			sourceTree = "<group>";
		};
		C638595B2C447EAA003DB037 /* Preview Content */ = {
			isa = PBXGroup;
			children = (
				C638595C2C447EAA003DB037 /* Preview Assets.xcassets */,
			);
			path = "Preview Content";
			sourceTree = "<group>";
		};
		C63859642C447EDB003DB037 /* Widgets */ = {
			isa = PBXGroup;
			children = (
				C63859672C447F42003DB037 /* TextFieldWithLabel.swift */,
			);
			path = Widgets;
			sourceTree = "<group>";
		};
		C66ABCCE2C5D41A40036B391 /* Views */ = {
			isa = PBXGroup;
			children = (
				C63859692C447F6B003DB037 /* LoginScreen.swift */,
				C638596B2C4480BF003DB037 /* NewAccountScreen.swift */,
				C66ABCCB2C5D409C0036B391 /* ForgotPassEmailScreen.swift */,
				C66ABCD52C62726A0036B391 /* HomeScreen.swift */,
			);
			path = Views;
			sourceTree = "<group>";
		};
		C66ABCD22C62717F0036B391 /* LocalServices */ = {
			isa = PBXGroup;
			children = (
				C66ABCD42C6272340036B391 /* AuthServices */,
			);
			path = LocalServices;
			sourceTree = "<group>";
		};
		C66ABCD32C6272210036B391 /* API */ = {
			isa = PBXGroup;
			children = (
				C66ABCC12C5AD7C80036B391 /* AuthAPI.swift */,
			);
			path = API;
			sourceTree = "<group>";
		};
		C66ABCD42C6272340036B391 /* AuthServices */ = {
			isa = PBXGroup;
			children = (
				C66ABCC92C5C261D0036B391 /* UserCreationService.swift */,
				C66ABCC52C5BE4450036B391 /* KeychainService.swift */,
				C66ABCC32C5ADA910036B391 /* AuthenticationService.swift */,
				C66ABCC72C5BEA8A0036B391 /* IdentityService.swift */,
				C66ABCCF2C5D42860036B391 /* PasswordRecoveryService.swift */,
			);
			path = AuthServices;
			sourceTree = "<group>";
		};
/* End PBXGroup section */

/* Begin PBXNativeTarget section */
		C63859502C447EA9003DB037 /* BetterFront */ = {
			isa = PBXNativeTarget;
			buildConfigurationList = C63859602C447EAA003DB037 /* Build configuration list for PBXNativeTarget "BetterFront" */;
			buildPhases = (
				C638594D2C447EA9003DB037 /* Sources */,
				C638594E2C447EA9003DB037 /* Frameworks */,
				C638594F2C447EA9003DB037 /* Resources */,
			);
			buildRules = (
			);
			dependencies = (
			);
			name = BetterFront;
			productName = BetterFront;
			productReference = C63859512C447EA9003DB037 /* BetterFront.app */;
			productType = "com.apple.product-type.application";
		};
/* End PBXNativeTarget section */

/* Begin PBXProject section */
		C63859492C447EA9003DB037 /* Project object */ = {
			isa = PBXProject;
			attributes = {
				BuildIndependentTargetsInParallel = 1;
				LastSwiftUpdateCheck = 1540;
				LastUpgradeCheck = 1540;
				TargetAttributes = {
					C63859502C447EA9003DB037 = {
						CreatedOnToolsVersion = 15.4;
					};
				};
			};
			buildConfigurationList = C638594C2C447EA9003DB037 /* Build configuration list for PBXProject "BetterFront" */;
			compatibilityVersion = "Xcode 14.0";
			developmentRegion = en;
			hasScannedForEncodings = 0;
			knownRegions = (
				en,
				Base,
			);
			mainGroup = C63859482C447EA9003DB037;
			productRefGroup = C63859522C447EA9003DB037 /* Products */;
			projectDirPath = "";
			projectRoot = "";
			targets = (
				C63859502C447EA9003DB037 /* BetterFront */,
			);
		};
/* End PBXProject section */

/* Begin PBXResourcesBuildPhase section */
		C638594F2C447EA9003DB037 /* Resources */ = {
			isa = PBXResourcesBuildPhase;
			buildActionMask = 2147483647;
			files = (
				C638595D2C447EAA003DB037 /* Preview Assets.xcassets in Resources */,
				C63859592C447EAA003DB037 /* Assets.xcassets in Resources */,
			);
			runOnlyForDeploymentPostprocessing = 0;
		};
/* End PBXResourcesBuildPhase section */

/* Begin PBXSourcesBuildPhase section */
		C638594D2C447EA9003DB037 /* Sources */ = {
			isa = PBXSourcesBuildPhase;
			buildActionMask = 2147483647;
			files = (
				C66ABCD02C5D42860036B391 /* PasswordRecoveryService.swift in Sources */,
				C638596A2C447F6B003DB037 /* LoginScreen.swift in Sources */,
				C63859552C447EA9003DB037 /* BetterFrontApp.swift in Sources */,
				C66ABCC42C5ADA910036B391 /* AuthenticationService.swift in Sources */,
				C66ABCCC2C5D409C0036B391 /* ForgotPassEmailScreen.swift in Sources */,
				C66ABCC82C5BEA8A0036B391 /* IdentityService.swift in Sources */,
				C638596C2C4480BF003DB037 /* NewAccountScreen.swift in Sources */,
				C66ABCC62C5BE4450036B391 /* KeychainService.swift in Sources */,
				C66ABCD62C62726A0036B391 /* HomeScreen.swift in Sources */,
				C66ABCC22C5AD7C80036B391 /* AuthAPI.swift in Sources */,
				C66ABCCA2C5C261D0036B391 /* UserCreationService.swift in Sources */,
				C63859682C447F42003DB037 /* TextFieldWithLabel.swift in Sources */,
			);
			runOnlyForDeploymentPostprocessing = 0;
		};
/* End PBXSourcesBuildPhase section */

/* Begin XCBuildConfiguration section */
		C638595E2C447EAA003DB037 /* Debug */ = {
			isa = XCBuildConfiguration;
			buildSettings = {
				ALWAYS_SEARCH_USER_PATHS = NO;
				ASSETCATALOG_COMPILER_GENERATE_SWIFT_ASSET_SYMBOL_EXTENSIONS = YES;
				CLANG_ANALYZER_NONNULL = YES;
				CLANG_ANALYZER_NUMBER_OBJECT_CONVERSION = YES_AGGRESSIVE;
				CLANG_CXX_LANGUAGE_STANDARD = "gnu++20";
				CLANG_ENABLE_MODULES = YES;
				CLANG_ENABLE_OBJC_ARC = YES;
				CLANG_ENABLE_OBJC_WEAK = YES;
				CLANG_WARN_BLOCK_CAPTURE_AUTORELEASING = YES;
				CLANG_WARN_BOOL_CONVERSION = YES;
				CLANG_WARN_COMMA = YES;
				CLANG_WARN_CONSTANT_CONVERSION = YES;
				CLANG_WARN_DEPRECATED_OBJC_IMPLEMENTATIONS = YES;
				CLANG_WARN_DIRECT_OBJC_ISA_USAGE = YES_ERROR;
				CLANG_WARN_DOCUMENTATION_COMMENTS = YES;
				CLANG_WARN_EMPTY_BODY = YES;
				CLANG_WARN_ENUM_CONVERSION = YES;
				CLANG_WARN_INFINITE_RECURSION = YES;
				CLANG_WARN_INT_CONVERSION = YES;
				CLANG_WARN_NON_LITERAL_NULL_CONVERSION = YES;
				CLANG_WARN_OBJC_IMPLICIT_RETAIN_SELF = YES;
				CLANG_WARN_OBJC_LITERAL_CONVERSION = YES;
				CLANG_WARN_OBJC_ROOT_CLASS = YES_ERROR;
				CLANG_WARN_QUOTED_INCLUDE_IN_FRAMEWORK_HEADER = YES;
				CLANG_WARN_RANGE_LOOP_ANALYSIS = YES;
				CLANG_WARN_STRICT_PROTOTYPES = YES;
				CLANG_WARN_SUSPICIOUS_MOVE = YES;
				CLANG_WARN_UNGUARDED_AVAILABILITY = YES_AGGRESSIVE;
				CLANG_WARN_UNREACHABLE_CODE = YES;
				CLANG_WARN__DUPLICATE_METHOD_MATCH = YES;
				COPY_PHASE_STRIP = NO;
				DEBUG_INFORMATION_FORMAT = dwarf;
				ENABLE_STRICT_OBJC_MSGSEND = YES;
				ENABLE_TESTABILITY = YES;
				ENABLE_USER_SCRIPT_SANDBOXING = YES;
				GCC_C_LANGUAGE_STANDARD = gnu17;
				GCC_DYNAMIC_NO_PIC = NO;
				GCC_NO_COMMON_BLOCKS = YES;
				GCC_OPTIMIZATION_LEVEL = 0;
				GCC_PREPROCESSOR_DEFINITIONS = (
					"DEBUG=1",
					"$(inherited)",
				);
				GCC_WARN_64_TO_32_BIT_CONVERSION = YES;
				GCC_WARN_ABOUT_RETURN_TYPE = YES_ERROR;
				GCC_WARN_UNDECLARED_SELECTOR = YES;
				GCC_WARN_UNINITIALIZED_AUTOS = YES_AGGRESSIVE;
				GCC_WARN_UNUSED_FUNCTION = YES;
				GCC_WARN_UNUSED_VARIABLE = YES;
				LOCALIZATION_PREFERS_STRING_CATALOGS = YES;
				MTL_ENABLE_DEBUG_INFO = INCLUDE_SOURCE;
				MTL_FAST_MATH = YES;
				ONLY_ACTIVE_ARCH = YES;
				SWIFT_ACTIVE_COMPILATION_CONDITIONS = "DEBUG $(inherited)";
				SWIFT_OPTIMIZATION_LEVEL = "-Onone";
			};
			name = Debug;
		};
		C638595F2C447EAA003DB037 /* Release */ = {
			isa = XCBuildConfiguration;
			buildSettings = {
				ALWAYS_SEARCH_USER_PATHS = NO;
				ASSETCATALOG_COMPILER_GENERATE_SWIFT_ASSET_SYMBOL_EXTENSIONS = YES;
				CLANG_ANALYZER_NONNULL = YES;
				CLANG_ANALYZER_NUMBER_OBJECT_CONVERSION = YES_AGGRESSIVE;
				CLANG_CXX_LANGUAGE_STANDARD = "gnu++20";
				CLANG_ENABLE_MODULES = YES;
				CLANG_ENABLE_OBJC_ARC = YES;
				CLANG_ENABLE_OBJC_WEAK = YES;
				CLANG_WARN_BLOCK_CAPTURE_AUTORELEASING = YES;
				CLANG_WARN_BOOL_CONVERSION = YES;
				CLANG_WARN_COMMA = YES;
				CLANG_WARN_CONSTANT_CONVERSION = YES;
				CLANG_WARN_DEPRECATED_OBJC_IMPLEMENTATIONS = YES;
				CLANG_WARN_DIRECT_OBJC_ISA_USAGE = YES_ERROR;
				CLANG_WARN_DOCUMENTATION_COMMENTS = YES;
				CLANG_WARN_EMPTY_BODY = YES;
				CLANG_WARN_ENUM_CONVERSION = YES;
				CLANG_WARN_INFINITE_RECURSION = YES;
				CLANG_WARN_INT_CONVERSION = YES;
				CLANG_WARN_NON_LITERAL_NULL_CONVERSION = YES;
				CLANG_WARN_OBJC_IMPLICIT_RETAIN_SELF = YES;
				CLANG_WARN_OBJC_LITERAL_CONVERSION = YES;
				CLANG_WARN_OBJC_ROOT_CLASS = YES_ERROR;
				CLANG_WARN_QUOTED_INCLUDE_IN_FRAMEWORK_HEADER = YES;
				CLANG_WARN_RANGE_LOOP_ANALYSIS = YES;
				CLANG_WARN_STRICT_PROTOTYPES = YES;
				CLANG_WARN_SUSPICIOUS_MOVE = YES;
				CLANG_WARN_UNGUARDED_AVAILABILITY = YES_AGGRESSIVE;
				CLANG_WARN_UNREACHABLE_CODE = YES;
				CLANG_WARN__DUPLICATE_METHOD_MATCH = YES;
				COPY_PHASE_STRIP = NO;
				DEBUG_INFORMATION_FORMAT = "dwarf-with-dsym";
				ENABLE_NS_ASSERTIONS = NO;
				ENABLE_STRICT_OBJC_MSGSEND = YES;
				ENABLE_USER_SCRIPT_SANDBOXING = YES;
				GCC_C_LANGUAGE_STANDARD = gnu17;
				GCC_NO_COMMON_BLOCKS = YES;
				GCC_WARN_64_TO_32_BIT_CONVERSION = YES;
				GCC_WARN_ABOUT_RETURN_TYPE = YES_ERROR;
				GCC_WARN_UNDECLARED_SELECTOR = YES;
				GCC_WARN_UNINITIALIZED_AUTOS = YES_AGGRESSIVE;
				GCC_WARN_UNUSED_FUNCTION = YES;
				GCC_WARN_UNUSED_VARIABLE = YES;
				LOCALIZATION_PREFERS_STRING_CATALOGS = YES;
				MTL_ENABLE_DEBUG_INFO = NO;
				MTL_FAST_MATH = YES;
				SWIFT_COMPILATION_MODE = wholemodule;
			};
			name = Release;
		};
		C63859612C447EAA003DB037 /* Debug */ = {
			isa = XCBuildConfiguration;
			buildSettings = {
				ASSETCATALOG_COMPILER_APPICON_NAME = AppIcon;
				ASSETCATALOG_COMPILER_GLOBAL_ACCENT_COLOR_NAME = AccentColor;
				CODE_SIGN_ENTITLEMENTS = BetterFront/BetterFront.entitlements;
				CODE_SIGN_STYLE = Automatic;
				CURRENT_PROJECT_VERSION = 1;
				DEVELOPMENT_ASSET_PATHS = "\"BetterFront/Preview Content\"";
				ENABLE_PREVIEWS = YES;
				GENERATE_INFOPLIST_FILE = YES;
				"INFOPLIST_KEY_UIApplicationSceneManifest_Generation[sdk=iphoneos*]" = YES;
				"INFOPLIST_KEY_UIApplicationSceneManifest_Generation[sdk=iphonesimulator*]" = YES;
				"INFOPLIST_KEY_UIApplicationSupportsIndirectInputEvents[sdk=iphoneos*]" = YES;
				"INFOPLIST_KEY_UIApplicationSupportsIndirectInputEvents[sdk=iphonesimulator*]" = YES;
				"INFOPLIST_KEY_UILaunchScreen_Generation[sdk=iphoneos*]" = YES;
				"INFOPLIST_KEY_UILaunchScreen_Generation[sdk=iphonesimulator*]" = YES;
				"INFOPLIST_KEY_UIStatusBarStyle[sdk=iphoneos*]" = UIStatusBarStyleDefault;
				"INFOPLIST_KEY_UIStatusBarStyle[sdk=iphonesimulator*]" = UIStatusBarStyleDefault;
				INFOPLIST_KEY_UISupportedInterfaceOrientations_iPad = "UIInterfaceOrientationPortrait UIInterfaceOrientationPortraitUpsideDown UIInterfaceOrientationLandscapeLeft UIInterfaceOrientationLandscapeRight";
				INFOPLIST_KEY_UISupportedInterfaceOrientations_iPhone = "UIInterfaceOrientationPortrait UIInterfaceOrientationLandscapeLeft UIInterfaceOrientationLandscapeRight";
				IPHONEOS_DEPLOYMENT_TARGET = 17.5;
				LD_RUNPATH_SEARCH_PATHS = "@executable_path/Frameworks";
				"LD_RUNPATH_SEARCH_PATHS[sdk=macosx*]" = "@executable_path/../Frameworks";
				MACOSX_DEPLOYMENT_TARGET = 14.5;
				MARKETING_VERSION = 1.0;
				PRODUCT_BUNDLE_IDENTIFIER = edu.duke.pc244.BetterFront;
				PRODUCT_NAME = "$(TARGET_NAME)";
				SDKROOT = auto;
				SUPPORTED_PLATFORMS = "iphoneos iphonesimulator macosx";
				SWIFT_EMIT_LOC_STRINGS = YES;
				SWIFT_VERSION = 5.0;
				TARGETED_DEVICE_FAMILY = "1,2";
			};
			name = Debug;
		};
		C63859622C447EAA003DB037 /* Release */ = {
			isa = XCBuildConfiguration;
			buildSettings = {
				ASSETCATALOG_COMPILER_APPICON_NAME = AppIcon;
				ASSETCATALOG_COMPILER_GLOBAL_ACCENT_COLOR_NAME = AccentColor;
				CODE_SIGN_ENTITLEMENTS = BetterFront/BetterFront.entitlements;
				CODE_SIGN_STYLE = Automatic;
				CURRENT_PROJECT_VERSION = 1;
				DEVELOPMENT_ASSET_PATHS = "\"BetterFront/Preview Content\"";
				ENABLE_PREVIEWS = YES;
				GENERATE_INFOPLIST_FILE = YES;
				"INFOPLIST_KEY_UIApplicationSceneManifest_Generation[sdk=iphoneos*]" = YES;
				"INFOPLIST_KEY_UIApplicationSceneManifest_Generation[sdk=iphonesimulator*]" = YES;
				"INFOPLIST_KEY_UIApplicationSupportsIndirectInputEvents[sdk=iphoneos*]" = YES;
				"INFOPLIST_KEY_UIApplicationSupportsIndirectInputEvents[sdk=iphonesimulator*]" = YES;
				"INFOPLIST_KEY_UILaunchScreen_Generation[sdk=iphoneos*]" = YES;
				"INFOPLIST_KEY_UILaunchScreen_Generation[sdk=iphonesimulator*]" = YES;
				"INFOPLIST_KEY_UIStatusBarStyle[sdk=iphoneos*]" = UIStatusBarStyleDefault;
				"INFOPLIST_KEY_UIStatusBarStyle[sdk=iphonesimulator*]" = UIStatusBarStyleDefault;
				INFOPLIST_KEY_UISupportedInterfaceOrientations_iPad = "UIInterfaceOrientationPortrait UIInterfaceOrientationPortraitUpsideDown UIInterfaceOrientationLandscapeLeft UIInterfaceOrientationLandscapeRight";
				INFOPLIST_KEY_UISupportedInterfaceOrientations_iPhone = "UIInterfaceOrientationPortrait UIInterfaceOrientationLandscapeLeft UIInterfaceOrientationLandscapeRight";
				IPHONEOS_DEPLOYMENT_TARGET = 17.5;
				LD_RUNPATH_SEARCH_PATHS = "@executable_path/Frameworks";
				"LD_RUNPATH_SEARCH_PATHS[sdk=macosx*]" = "@executable_path/../Frameworks";
				MACOSX_DEPLOYMENT_TARGET = 14.5;
				MARKETING_VERSION = 1.0;
				PRODUCT_BUNDLE_IDENTIFIER = edu.duke.pc244.BetterFront;
				PRODUCT_NAME = "$(TARGET_NAME)";
				SDKROOT = auto;
				SUPPORTED_PLATFORMS = "iphoneos iphonesimulator macosx";
				SWIFT_EMIT_LOC_STRINGS = YES;
				SWIFT_VERSION = 5.0;
				TARGETED_DEVICE_FAMILY = "1,2";
			};
			name = Release;
		};
/* End XCBuildConfiguration section */

/* Begin XCConfigurationList section */
		C638594C2C447EA9003DB037 /* Build configuration list for PBXProject "BetterFront" */ = {
			isa = XCConfigurationList;
			buildConfigurations = (
				C638595E2C447EAA003DB037 /* Debug */,
				C638595F2C447EAA003DB037 /* Release */,
			);
			defaultConfigurationIsVisible = 0;
			defaultConfigurationName = Release;
		};
		C63859602C447EAA003DB037 /* Build configuration list for PBXNativeTarget "BetterFront" */ = {
			isa = XCConfigurationList;
			buildConfigurations = (
				C63859612C447EAA003DB037 /* Debug */,
				C63859622C447EAA003DB037 /* Release */,
			);
			defaultConfigurationIsVisible = 0;
			defaultConfigurationName = Release;
		};
/* End XCConfigurationList section */
	};
	rootObject = C63859492C447EA9003DB037 /* Project object */;
}
